
Microsoft Visual Studio Solution File, Format Version 12.00
# Visual Studio Version 17
VisualStudioVersion = 17.12.35527.113 d17.12
MinimumVisualStudioVersion = 10.0.40219.1
Project("{FAE04EC0-301F-11D3-BF4B-00C04F79EFBC}") = "WizBuzServer", "WizBuzServer.csproj", "{014F28FF-1161-491C-81BA-FECED16FE1D9}"
EndProject
Project("{FAE04EC0-301F-11D3-BF4B-00C04F79EFBC}") = "WizBuzModels", "..\WizBuzModels\WizBuzModels.csproj", "{6C79D490-2C55-49D4-B4A7-133A2BFAFC48}"
EndProject
Global
	GlobalSection(SolutionConfigurationPlatforms) = preSolution
		Debug|Any CPU = Debug|Any CPU
		Release|Any CPU = Release|Any CPU
	EndGlobalSection
	GlobalSection(ProjectConfigurationPlatforms) = postSolution
		{014F28FF-1161-491C-81BA-FECED16FE1D9}.Debug|Any CPU.ActiveCfg = Debug|Any CPU
		{014F28FF-1161-491C-81BA-FECED16FE1D9}.Debug|Any CPU.Build.0 = Debug|Any CPU
		{014F28FF-1161-491C-81BA-FECED16FE1D9}.Release|Any CPU.ActiveCfg = Release|Any CPU
		{014F28FF-1161-491C-81BA-FECED16FE1D9}.Release|Any CPU.Build.0 = Release|Any CPU
		{6C79D490-2C55-49D4-B4A7-133A2BFAFC48}.Debug|Any CPU.ActiveCfg = Debug|Any CPU
		{6C79D490-2C55-49D4-B4A7-133A2BFAFC48}.Debug|Any CPU.Build.0 = Debug|Any CPU
		{6C79D490-2C55-49D4-B4A7-133A2BFAFC48}.Release|Any CPU.ActiveCfg = Release|Any CPU
		{6C79D490-2C55-49D4-B4A7-133A2BFAFC48}.Release|Any CPU.Build.0 = Release|Any CPU
	EndGlobalSection
	GlobalSection(SolutionProperties) = preSolution
		HideSolutionNode = FALSE
	EndGlobalSection
EndGlobal
